
Microsoft Visual Studio Solution File, Format Version 12.00
# Visual Studio 15
VisualStudioVersion = 15.0.28010.2050
MinimumVisualStudioVersion = 10.0.40219.1
Project("{FAE04EC0-301F-11D3-BF4B-00C04F79EFBC}") = "HarryPotterHouseSortingNeuralNetwoirk", "HarryPotterHouseSortingNeuralNetwoirk\HarryPotterHouseSortingNeuralNetwoirk.csproj", "{914DB901-C89B-4E55-A328-411CC10EB343}"
EndProject
Project("{FAE04EC0-301F-11D3-BF4B-00C04F79EFBC}") = "HarryPotterHouseSortCLI", "HarryPotterHouseSortCLI\HarryPotterHouseSortCLI.csproj", "{B6A79BD7-9A38-401D-A865-91B37F89ADC8}"
EndProject
Project("{FAE04EC0-301F-11D3-BF4B-00C04F79EFBC}") = "HarryPotterHouseSortingNeuralNetwoirkTests", "HarryPotterHouseSortingNeuralNetwoirkTests\HarryPotterHouseSortingNeuralNetwoirkTests.csproj", "{3EAB3CAA-0A12-4C70-A33E-5FDD392EDC1A}"
EndProject
Project("{FAE04EC0-301F-11D3-BF4B-00C04F79EFBC}") = "MNIST_ImageClassification", "MNIST_ImageClassification\MNIST_ImageClassification.csproj", "{DA97D172-077E-49BB-A8F5-7B0A20F6358B}"
EndProject
Global
	GlobalSection(SolutionConfigurationPlatforms) = preSolution
		Debug|Any CPU = Debug|Any CPU
		Release|Any CPU = Release|Any CPU
	EndGlobalSection
	GlobalSection(ProjectConfigurationPlatforms) = postSolution
		{914DB901-C89B-4E55-A328-411CC10EB343}.Debug|Any CPU.ActiveCfg = Debug|Any CPU
		{914DB901-C89B-4E55-A328-411CC10EB343}.Debug|Any CPU.Build.0 = Debug|Any CPU
		{914DB901-C89B-4E55-A328-411CC10EB343}.Release|Any CPU.ActiveCfg = Release|Any CPU
		{914DB901-C89B-4E55-A328-411CC10EB343}.Release|Any CPU.Build.0 = Release|Any CPU
		{B6A79BD7-9A38-401D-A865-91B37F89ADC8}.Debug|Any CPU.ActiveCfg = Debug|Any CPU
		{B6A79BD7-9A38-401D-A865-91B37F89ADC8}.Debug|Any CPU.Build.0 = Debug|Any CPU
		{B6A79BD7-9A38-401D-A865-91B37F89ADC8}.Release|Any CPU.ActiveCfg = Release|Any CPU
		{B6A79BD7-9A38-401D-A865-91B37F89ADC8}.Release|Any CPU.Build.0 = Release|Any CPU
		{3EAB3CAA-0A12-4C70-A33E-5FDD392EDC1A}.Debug|Any CPU.ActiveCfg = Debug|Any CPU
		{3EAB3CAA-0A12-4C70-A33E-5FDD392EDC1A}.Debug|Any CPU.Build.0 = Debug|Any CPU
		{3EAB3CAA-0A12-4C70-A33E-5FDD392EDC1A}.Release|Any CPU.ActiveCfg = Release|Any CPU
		{3EAB3CAA-0A12-4C70-A33E-5FDD392EDC1A}.Release|Any CPU.Build.0 = Release|Any CPU
		{DA97D172-077E-49BB-A8F5-7B0A20F6358B}.Debug|Any CPU.ActiveCfg = Debug|Any CPU
		{DA97D172-077E-49BB-A8F5-7B0A20F6358B}.Debug|Any CPU.Build.0 = Debug|Any CPU
		{DA97D172-077E-49BB-A8F5-7B0A20F6358B}.Release|Any CPU.ActiveCfg = Release|Any CPU
		{DA97D172-077E-49BB-A8F5-7B0A20F6358B}.Release|Any CPU.Build.0 = Release|Any CPU
	EndGlobalSection
	GlobalSection(SolutionProperties) = preSolution
		HideSolutionNode = FALSE
	EndGlobalSection
	GlobalSection(ExtensibilityGlobals) = postSolution
		SolutionGuid = {9CD0ABA6-8758-410A-A012-5B5E1AB517E0}
	EndGlobalSection
EndGlobal
